// !$*UTF8*$!
{
	archiveVersion = 1;
	classes = {
	};
	objectVersion = 48;
	objects = {

/* Begin PBXBuildFile section */
		C4E1F6DE21C0B70E00FDFEE2 /* main.m in Sources */ = {isa = PBXBuildFile; fileRef = C4E1F6DD21C0B70E00FDFEE2 /* main.m */; };
		C4E1F71F21C232D500FDFEE2 /* AsmModifyDynamic.h in Headers */ = {isa = PBXBuildFile; fileRef = C4E1F71E21C232D500FDFEE2 /* AsmModifyDynamic.h */; };
		C4E1F72121C232D500FDFEE2 /* AsmModifyDynamic.m in Sources */ = {isa = PBXBuildFile; fileRef = C4E1F72021C232D500FDFEE2 /* AsmModifyDynamic.m */; };
/* End PBXBuildFile section */

/* Begin PBXContainerItemProxy section */
		C4E1F72A21C235B700FDFEE2 /* PBXContainerItemProxy */ = {
			isa = PBXContainerItemProxy;
			containerPortal = C4E1F6D221C0B70E00FDFEE2 /* Project object */;
			proxyType = 1;
			remoteGlobalIDString = C4E1F71B21C232D400FDFEE2;
			remoteInfo = AsmModifyDynamic;
		};
/* End PBXContainerItemProxy section */

/* Begin PBXCopyFilesBuildPhase section */
		C4E1F6D821C0B70E00FDFEE2 /* CopyFiles */ = {
			isa = PBXCopyFilesBuildPhase;
			buildActionMask = 12;
			dstPath = "";
			dstSubfolderSpec = 16;
			files = (
			);
			runOnlyForDeploymentPostprocessing = 0;
		};
/* End PBXCopyFilesBuildPhase section */

/* Begin PBXFileReference section */
		C4E1F6DA21C0B70E00FDFEE2 /* RuntimeAsmModify */ = {isa = PBXFileReference; explicitFileType = "compiled.mach-o.executable"; includeInIndex = 0; path = RuntimeAsmModify; sourceTree = BUILT_PRODUCTS_DIR; };
		C4E1F6DD21C0B70E00FDFEE2 /* main.m */ = {isa = PBXFileReference; lastKnownFileType = sourcecode.c.objc; path = main.m; sourceTree = "<group>"; };
		C4E1F71C21C232D400FDFEE2 /* libAsmModifyDynamic.dylib */ = {isa = PBXFileReference; explicitFileType = "compiled.mach-o.dylib"; includeInIndex = 0; path = libAsmModifyDynamic.dylib; sourceTree = BUILT_PRODUCTS_DIR; };
		C4E1F71E21C232D500FDFEE2 /* AsmModifyDynamic.h */ = {isa = PBXFileReference; lastKnownFileType = sourcecode.c.h; path = AsmModifyDynamic.h; sourceTree = "<group>"; };
		C4E1F72021C232D500FDFEE2 /* AsmModifyDynamic.m */ = {isa = PBXFileReference; lastKnownFileType = sourcecode.c.objc; path = AsmModifyDynamic.m; sourceTree = "<group>"; };
/* End PBXFileReference section */

/* Begin PBXFrameworksBuildPhase section */
		C4E1F6D721C0B70E00FDFEE2 /* Frameworks */ = {
			isa = PBXFrameworksBuildPhase;
			buildActionMask = 2147483647;
			files = (
			);
			runOnlyForDeploymentPostprocessing = 0;
		};
		C4E1F71921C232D400FDFEE2 /* Frameworks */ = {
			isa = PBXFrameworksBuildPhase;
			buildActionMask = 2147483647;
			files = (
			);
			runOnlyForDeploymentPostprocessing = 0;
		};
/* End PBXFrameworksBuildPhase section */

/* Begin PBXGroup section */
		C4E1F6D121C0B70E00FDFEE2 = {
			isa = PBXGroup;
			children = (
				C4E1F6DC21C0B70E00FDFEE2 /* RuntimeAsmModify */,
				C4E1F71D21C232D500FDFEE2 /* AsmModifyDynamic */,
				C4E1F6DB21C0B70E00FDFEE2 /* Products */,
				C4E1F72721C2337F00FDFEE2 /* Frameworks */,
			);
			sourceTree = "<group>";
		};
		C4E1F6DB21C0B70E00FDFEE2 /* Products */ = {
			isa = PBXGroup;
			children = (
				C4E1F6DA21C0B70E00FDFEE2 /* RuntimeAsmModify */,
				C4E1F71C21C232D400FDFEE2 /* libAsmModifyDynamic.dylib */,
			);
			name = Products;
			sourceTree = "<group>";
		};
		C4E1F6DC21C0B70E00FDFEE2 /* RuntimeAsmModify */ = {
			isa = PBXGroup;
			children = (
				C4E1F6DD21C0B70E00FDFEE2 /* main.m */,
			);
			path = RuntimeAsmModify;
			sourceTree = "<group>";
		};
		C4E1F71D21C232D500FDFEE2 /* AsmModifyDynamic */ = {
			isa = PBXGroup;
			children = (
				C4E1F71E21C232D500FDFEE2 /* AsmModifyDynamic.h */,
				C4E1F72021C232D500FDFEE2 /* AsmModifyDynamic.m */,
			);
			path = AsmModifyDynamic;
			sourceTree = "<group>";
		};
		C4E1F72721C2337F00FDFEE2 /* Frameworks */ = {
			isa = PBXGroup;
			children = (
			);
			name = Frameworks;
			sourceTree = "<group>";
		};
/* End PBXGroup section */

/* Begin PBXHeadersBuildPhase section */
		C4E1F71A21C232D400FDFEE2 /* Headers */ = {
			isa = PBXHeadersBuildPhase;
			buildActionMask = 2147483647;
			files = (
				C4E1F71F21C232D500FDFEE2 /* AsmModifyDynamic.h in Headers */,
			);
			runOnlyForDeploymentPostprocessing = 0;
		};
/* End PBXHeadersBuildPhase section */

/* Begin PBXNativeTarget section */
		C4E1F6D921C0B70E00FDFEE2 /* RuntimeAsmModify */ = {
			isa = PBXNativeTarget;
			buildConfigurationList = C4E1F6E121C0B70E00FDFEE2 /* Build configuration list for PBXNativeTarget "RuntimeAsmModify" */;
			buildPhases = (
				C4E1F6D621C0B70E00FDFEE2 /* Sources */,
				C4E1F6D721C0B70E00FDFEE2 /* Frameworks */,
				C4E1F6D821C0B70E00FDFEE2 /* CopyFiles */,
				C42732F521C2519100C89B1B /* ShellScript */,
			);
			buildRules = (
			);
			dependencies = (
				C4E1F72B21C235B700FDFEE2 /* PBXTargetDependency */,
			);
			name = RuntimeAsmModify;
			productName = RuntimeAsmModify;
			productReference = C4E1F6DA21C0B70E00FDFEE2 /* RuntimeAsmModify */;
			productType = "com.apple.product-type.tool";
		};
		C4E1F71B21C232D400FDFEE2 /* AsmModifyDynamic */ = {
			isa = PBXNativeTarget;
			buildConfigurationList = C4E1F72221C232D500FDFEE2 /* Build configuration list for PBXNativeTarget "AsmModifyDynamic" */;
			buildPhases = (
				C4E1F71821C232D400FDFEE2 /* Sources */,
				C4E1F71921C232D400FDFEE2 /* Frameworks */,
				C4E1F71A21C232D400FDFEE2 /* Headers */,
			);
			buildRules = (
			);
			dependencies = (
			);
			name = AsmModifyDynamic;
			productName = AsmModifyDynamic;
			productReference = C4E1F71C21C232D400FDFEE2 /* libAsmModifyDynamic.dylib */;
			productType = "com.apple.product-type.library.dynamic";
		};
/* End PBXNativeTarget section */

/* Begin PBXProject section */
		C4E1F6D221C0B70E00FDFEE2 /* Project object */ = {
			isa = PBXProject;
			attributes = {
				LastUpgradeCheck = 0900;
				ORGANIZATIONNAME = "周维鸥";
				TargetAttributes = {
					C4E1F6D921C0B70E00FDFEE2 = {
						CreatedOnToolsVersion = 9.0;
						ProvisioningStyle = Automatic;
					};
					C4E1F71B21C232D400FDFEE2 = {
						CreatedOnToolsVersion = 9.0;
						ProvisioningStyle = Automatic;
					};
				};
			};
			buildConfigurationList = C4E1F6D521C0B70E00FDFEE2 /* Build configuration list for PBXProject "RuntimeAsmModify" */;
			compatibilityVersion = "Xcode 8.0";
			developmentRegion = en;
			hasScannedForEncodings = 0;
			knownRegions = (
				en,
			);
			mainGroup = C4E1F6D121C0B70E00FDFEE2;
			productRefGroup = C4E1F6DB21C0B70E00FDFEE2 /* Products */;
			projectDirPath = "";
			projectRoot = "";
			targets = (
				C4E1F6D921C0B70E00FDFEE2 /* RuntimeAsmModify */,
				C4E1F71B21C232D400FDFEE2 /* AsmModifyDynamic */,
			);
		};
/* End PBXProject section */

/* Begin PBXShellScriptBuildPhase section */
		C42732F521C2519100C89B1B /* ShellScript */ = {
			isa = PBXShellScriptBuildPhase;
			buildActionMask = 2147483647;
			files = (
			);
			inputPaths = (
			);
			outputPaths = (
			);
			runOnlyForDeploymentPostprocessing = 0;
			shellPath = /bin/sh;
			shellScript = "#cd ${TARGET_BUILD_DIR}\n#DYLD_INSERT_LIBRARIES=./libAsmModifyDynamic.dylib ./RuntimeAsmModify";
		};
/* End PBXShellScriptBuildPhase section */

/* Begin PBXSourcesBuildPhase section */
		C4E1F6D621C0B70E00FDFEE2 /* Sources */ = {
			isa = PBXSourcesBuildPhase;
			buildActionMask = 2147483647;
			files = (
				C4E1F6DE21C0B70E00FDFEE2 /* main.m in Sources */,
			);
			runOnlyForDeploymentPostprocessing = 0;
		};
		C4E1F71821C232D400FDFEE2 /* Sources */ = {
			isa = PBXSourcesBuildPhase;
			buildActionMask = 2147483647;
			files = (
				C4E1F72121C232D500FDFEE2 /* AsmModifyDynamic.m in Sources */,
			);
			runOnlyForDeploymentPostprocessing = 0;
		};
/* End PBXSourcesBuildPhase section */

/* Begin PBXTargetDependency section */
		C4E1F72B21C235B700FDFEE2 /* PBXTargetDependency */ = {
			isa = PBXTargetDependency;
			target = C4E1F71B21C232D400FDFEE2 /* AsmModifyDynamic */;
			targetProxy = C4E1F72A21C235B700FDFEE2 /* PBXContainerItemProxy */;
		};
/* End PBXTargetDependency section */

/* Begin XCBuildConfiguration section */
		C4E1F6DF21C0B70E00FDFEE2 /* Debug */ = {
			isa = XCBuildConfiguration;
			buildSettings = {
				ALWAYS_SEARCH_USER_PATHS = NO;
				CLANG_ANALYZER_NONNULL = YES;
				CLANG_ANALYZER_NUMBER_OBJECT_CONVERSION = YES_AGGRESSIVE;
				CLANG_CXX_LANGUAGE_STANDARD = "gnu++14";
				CLANG_CXX_LIBRARY = "libc++";
				CLANG_ENABLE_MODULES = YES;
				CLANG_ENABLE_OBJC_ARC = YES;
				CLANG_WARN_BLOCK_CAPTURE_AUTORELEASING = YES;
				CLANG_WARN_BOOL_CONVERSION = YES;
				CLANG_WARN_COMMA = YES;
				CLANG_WARN_CONSTANT_CONVERSION = YES;
				CLANG_WARN_DIRECT_OBJC_ISA_USAGE = YES_ERROR;
				CLANG_WARN_DOCUMENTATION_COMMENTS = YES;
				CLANG_WARN_EMPTY_BODY = YES;
				CLANG_WARN_ENUM_CONVERSION = YES;
				CLANG_WARN_INFINITE_RECURSION = YES;
				CLANG_WARN_INT_CONVERSION = YES;
				CLANG_WARN_NON_LITERAL_NULL_CONVERSION = YES;
				CLANG_WARN_OBJC_LITERAL_CONVERSION = YES;
				CLANG_WARN_OBJC_ROOT_CLASS = YES_ERROR;
				CLANG_WARN_RANGE_LOOP_ANALYSIS = YES;
				CLANG_WARN_STRICT_PROTOTYPES = YES;
				CLANG_WARN_SUSPICIOUS_MOVE = YES;
				CLANG_WARN_UNGUARDED_AVAILABILITY = YES_AGGRESSIVE;
				CLANG_WARN_UNREACHABLE_CODE = YES;
				CLANG_WARN__DUPLICATE_METHOD_MATCH = YES;
				CODE_SIGN_IDENTITY = "-";
				COPY_PHASE_STRIP = NO;
				DEBUG_INFORMATION_FORMAT = dwarf;
				ENABLE_STRICT_OBJC_MSGSEND = YES;
				ENABLE_TESTABILITY = YES;
				GCC_C_LANGUAGE_STANDARD = gnu11;
				GCC_DYNAMIC_NO_PIC = NO;
				GCC_NO_COMMON_BLOCKS = YES;
				GCC_OPTIMIZATION_LEVEL = 0;
				GCC_PREPROCESSOR_DEFINITIONS = (
					"DEBUG=1",
					"$(inherited)",
				);
				GCC_WARN_64_TO_32_BIT_CONVERSION = YES;
				GCC_WARN_ABOUT_RETURN_TYPE = YES_ERROR;
				GCC_WARN_UNDECLARED_SELECTOR = YES;
				GCC_WARN_UNINITIALIZED_AUTOS = YES_AGGRESSIVE;
				GCC_WARN_UNUSED_FUNCTION = YES;
				GCC_WARN_UNUSED_VARIABLE = YES;
				MACOSX_DEPLOYMENT_TARGET = 10.13;
				MTL_ENABLE_DEBUG_INFO = YES;
				ONLY_ACTIVE_ARCH = YES;
				SDKROOT = macosx;
			};
			name = Debug;
		};
		C4E1F6E021C0B70E00FDFEE2 /* Release */ = {
			isa = XCBuildConfiguration;
			buildSettings = {
				ALWAYS_SEARCH_USER_PATHS = NO;
				CLANG_ANALYZER_NONNULL = YES;
				CLANG_ANALYZER_NUMBER_OBJECT_CONVERSION = YES_AGGRESSIVE;
				CLANG_CXX_LANGUAGE_STANDARD = "gnu++14";
				CLANG_CXX_LIBRARY = "libc++";
				CLANG_ENABLE_MODULES = YES;
				CLANG_ENABLE_OBJC_ARC = YES;
				CLANG_WARN_BLOCK_CAPTURE_AUTORELEASING = YES;
				CLANG_WARN_BOOL_CONVERSION = YES;
				CLANG_WARN_COMMA = YES;
				CLANG_WARN_CONSTANT_CONVERSION = YES;
				CLANG_WARN_DIRECT_OBJC_ISA_USAGE = YES_ERROR;
				CLANG_WARN_DOCUMENTATION_COMMENTS = YES;
				CLANG_WARN_EMPTY_BODY = YES;
				CLANG_WARN_ENUM_CONVERSION = YES;
				CLANG_WARN_INFINITE_RECURSION = YES;
				CLANG_WARN_INT_CONVERSION = YES;
				CLANG_WARN_NON_LITERAL_NULL_CONVERSION = YES;
				CLANG_WARN_OBJC_LITERAL_CONVERSION = YES;
				CLANG_WARN_OBJC_ROOT_CLASS = YES_ERROR;
				CLANG_WARN_RANGE_LOOP_ANALYSIS = YES;
				CLANG_WARN_STRICT_PROTOTYPES = YES;
				CLANG_WARN_SUSPICIOUS_MOVE = YES;
				CLANG_WARN_UNGUARDED_AVAILABILITY = YES_AGGRESSIVE;
				CLANG_WARN_UNREACHABLE_CODE = YES;
				CLANG_WARN__DUPLICATE_METHOD_MATCH = YES;
				CODE_SIGN_IDENTITY = "-";
				COPY_PHASE_STRIP = NO;
				DEBUG_INFORMATION_FORMAT = "dwarf-with-dsym";
				ENABLE_NS_ASSERTIONS = NO;
				ENABLE_STRICT_OBJC_MSGSEND = YES;
				GCC_C_LANGUAGE_STANDARD = gnu11;
				GCC_NO_COMMON_BLOCKS = YES;
				GCC_WARN_64_TO_32_BIT_CONVERSION = YES;
				GCC_WARN_ABOUT_RETURN_TYPE = YES_ERROR;
				GCC_WARN_UNDECLARED_SELECTOR = YES;
				GCC_WARN_UNINITIALIZED_AUTOS = YES_AGGRESSIVE;
				GCC_WARN_UNUSED_FUNCTION = YES;
				GCC_WARN_UNUSED_VARIABLE = YES;
				MACOSX_DEPLOYMENT_TARGET = 10.13;
				MTL_ENABLE_DEBUG_INFO = NO;
				SDKROOT = macosx;
			};
			name = Release;
		};
		C4E1F6E221C0B70E00FDFEE2 /* Debug */ = {
			isa = XCBuildConfiguration;
			buildSettings = {
				CODE_SIGN_STYLE = Automatic;
				PRODUCT_NAME = "$(TARGET_NAME)";
			};
			name = Debug;
		};
		C4E1F6E321C0B70E00FDFEE2 /* Release */ = {
			isa = XCBuildConfiguration;
			buildSettings = {
				CODE_SIGN_STYLE = Automatic;
				PRODUCT_NAME = "$(TARGET_NAME)";
			};
			name = Release;
		};
		C4E1F72321C232D500FDFEE2 /* Debug */ = {
			isa = XCBuildConfiguration;
			buildSettings = {
				CODE_SIGN_STYLE = Automatic;
				DYLIB_COMPATIBILITY_VERSION = 1;
				DYLIB_CURRENT_VERSION = 1;
				EXECUTABLE_PREFIX = lib;
				PRODUCT_NAME = "$(TARGET_NAME)";
			};
			name = Debug;
		};
		C4E1F72421C232D500FDFEE2 /* Release */ = {
			isa = XCBuildConfiguration;
			buildSettings = {
				CODE_SIGN_STYLE = Automatic;
				DYLIB_COMPATIBILITY_VERSION = 1;
				DYLIB_CURRENT_VERSION = 1;
				EXECUTABLE_PREFIX = lib;
				PRODUCT_NAME = "$(TARGET_NAME)";
			};
			name = Release;
		};
/* End XCBuildConfiguration section */

/* Begin XCConfigurationList section */
		C4E1F6D521C0B70E00FDFEE2 /* Build configuration list for PBXProject "RuntimeAsmModify" */ = {
			isa = XCConfigurationList;
			buildConfigurations = (
				C4E1F6DF21C0B70E00FDFEE2 /* Debug */,
				C4E1F6E021C0B70E00FDFEE2 /* Release */,
			);
			defaultConfigurationIsVisible = 0;
			defaultConfigurationName = Release;
		};
		C4E1F6E121C0B70E00FDFEE2 /* Build configuration list for PBXNativeTarget "RuntimeAsmModify" */ = {
			isa = XCConfigurationList;
			buildConfigurations = (
				C4E1F6E221C0B70E00FDFEE2 /* Debug */,
				C4E1F6E321C0B70E00FDFEE2 /* Release */,
			);
			defaultConfigurationIsVisible = 0;
			defaultConfigurationName = Release;
		};
		C4E1F72221C232D500FDFEE2 /* Build configuration list for PBXNativeTarget "AsmModifyDynamic" */ = {
			isa = XCConfigurationList;
			buildConfigurations = (
				C4E1F72321C232D500FDFEE2 /* Debug */,
				C4E1F72421C232D500FDFEE2 /* Release */,
			);
			defaultConfigurationIsVisible = 0;
			defaultConfigurationName = Release;
		};
/* End XCConfigurationList section */
	};
	rootObject = C4E1F6D221C0B70E00FDFEE2 /* Project object */;
}
